// !$*UTF8*$!
{
	archiveVersion = 1;
	classes = {
	};
	objectVersion = 46;
	objects = {

/* Begin PBXBuildFile section */
		D52831CA1F6B6D2100EFEEE2 /* MainViewController.swift in Sources */ = {isa = PBXBuildFile; fileRef = D52831C91F6B6D2100EFEEE2 /* MainViewController.swift */; };
		D52831CD1F6B6D3100EFEEE2 /* HomeViewController.swift in Sources */ = {isa = PBXBuildFile; fileRef = D52831CC1F6B6D3100EFEEE2 /* HomeViewController.swift */; };
		D52831D01F6B6D3A00EFEEE2 /* LiveViewController.swift in Sources */ = {isa = PBXBuildFile; fileRef = D52831CF1F6B6D3A00EFEEE2 /* LiveViewController.swift */; };
		D52831D31F6B6D4600EFEEE2 /* FollowViewController.swift in Sources */ = {isa = PBXBuildFile; fileRef = D52831D21F6B6D4600EFEEE2 /* FollowViewController.swift */; };
		D52831D61F6B6D5000EFEEE2 /* ProfileViewController.swift in Sources */ = {isa = PBXBuildFile; fileRef = D52831D51F6B6D5000EFEEE2 /* ProfileViewController.swift */; };
		D52831E31F6BB8CB00EFEEE2 /* UIBarButtonItem-Extension.swift in Sources */ = {isa = PBXBuildFile; fileRef = D52831E21F6BB8CB00EFEEE2 /* UIBarButtonItem-Extension.swift */; };
		D52831E51F6BC2B800EFEEE2 /* PageTitleView.swift in Sources */ = {isa = PBXBuildFile; fileRef = D52831E41F6BC2B800EFEEE2 /* PageTitleView.swift */; };
		D52831E71F6BC5C300EFEEE2 /* Common.swift in Sources */ = {isa = PBXBuildFile; fileRef = D52831E61F6BC5C300EFEEE2 /* Common.swift */; };
		D54C41921F691BA200AC4086 /* Assets.xcassets in Resources */ = {isa = PBXBuildFile; fileRef = D54C41911F691BA200AC4086 /* Assets.xcassets */; };
		D54C41951F6921EF00AC4086 /* Live.storyboard in Resources */ = {isa = PBXBuildFile; fileRef = D54C41931F6921EF00AC4086 /* Live.storyboard */; };
		D54C41981F6921FA00AC4086 /* Profile.storyboard in Resources */ = {isa = PBXBuildFile; fileRef = D54C41961F6921FA00AC4086 /* Profile.storyboard */; };
		D570A5181F6923EF00E287EB /* AppDelegate.swift in Sources */ = {isa = PBXBuildFile; fileRef = D570A5171F6923EF00E287EB /* AppDelegate.swift */; };
		D570A5211F69247800E287EB /* Main.storyboard in Resources */ = {isa = PBXBuildFile; fileRef = D570A51F1F69247800E287EB /* Main.storyboard */; };
		D57C5DAC1F79F75900B6B36D /* CollectionNormalCell.swift in Sources */ = {isa = PBXBuildFile; fileRef = D57C5DAA1F79F75900B6B36D /* CollectionNormalCell.swift */; };
		D57C5DAD1F79F75900B6B36D /* CollectionNormalCell.xib in Resources */ = {isa = PBXBuildFile; fileRef = D57C5DAB1F79F75900B6B36D /* CollectionNormalCell.xib */; };
		D57C5DB01F7A043100B6B36D /* CollectionPrettyCell.swift in Sources */ = {isa = PBXBuildFile; fileRef = D57C5DAE1F7A043100B6B36D /* CollectionPrettyCell.swift */; };
		D57C5DB11F7A043100B6B36D /* CollectionPrettyCell.xib in Resources */ = {isa = PBXBuildFile; fileRef = D57C5DAF1F7A043100B6B36D /* CollectionPrettyCell.xib */; };
		D58344C81F6FA0320043E62C /* PageContentView.swift in Sources */ = {isa = PBXBuildFile; fileRef = D58344C71F6FA0320043E62C /* PageContentView.swift */; };
		D58344CA1F6FAA560043E62C /* UIColor-Extension.swift in Sources */ = {isa = PBXBuildFile; fileRef = D58344C91F6FAA560043E62C /* UIColor-Extension.swift */; };
		D58842F61FA80F71000C4DCB /* NSDate-Extension.swift in Sources */ = {isa = PBXBuildFile; fileRef = D58842F51FA80F71000C4DCB /* NSDate-Extension.swift */; };
		D58963911FAAFF3300A70D27 /* bg.jpg in Resources */ = {isa = PBXBuildFile; fileRef = D58963901FAAFF3300A70D27 /* bg.jpg */; };
		D58B6F9F1FA323F500698999 /* MJNetworkTools.swift in Sources */ = {isa = PBXBuildFile; fileRef = D58B6F9E1FA323F500698999 /* MJNetworkTools.swift */; };
		D58B6FA21FA3333300698999 /* RecommendViewModel.swift in Sources */ = {isa = PBXBuildFile; fileRef = D58B6FA11FA3333300698999 /* RecommendViewModel.swift */; };
		D58B70AE1FBAEDB8008DC815 /* CollectionBaseCell.swift in Sources */ = {isa = PBXBuildFile; fileRef = D58B70AD1FBAEDB8008DC815 /* CollectionBaseCell.swift */; };
		D59053061FA8586C00650904 /* AnchorGroup.swift in Sources */ = {isa = PBXBuildFile; fileRef = D59053051FA8586C00650904 /* AnchorGroup.swift */; };
		D59053081FA879B000650904 /* AnchorModel.swift in Sources */ = {isa = PBXBuildFile; fileRef = D59053071FA879B000650904 /* AnchorModel.swift */; };
		D5A23B531F68E2E0005730A7 /* Home.storyboard in Resources */ = {isa = PBXBuildFile; fileRef = D5A23B511F68E2E0005730A7 /* Home.storyboard */; };
		D5A23B581F68E31D005730A7 /* Follow.storyboard in Resources */ = {isa = PBXBuildFile; fileRef = D5A23B561F68E31D005730A7 /* Follow.storyboard */; };
		D5D50D261F78EAA500BD0913 /* RecommendViewController.swift in Sources */ = {isa = PBXBuildFile; fileRef = D5D50D251F78EAA500BD0913 /* RecommendViewController.swift */; };
		D5D50D281F78EB8200BD0913 /* GameViewController.swift in Sources */ = {isa = PBXBuildFile; fileRef = D5D50D271F78EB8200BD0913 /* GameViewController.swift */; };
		D5D50D2B1F78FA9900BD0913 /* CollectionHeaderView.swift in Sources */ = {isa = PBXBuildFile; fileRef = D5D50D291F78FA9900BD0913 /* CollectionHeaderView.swift */; };
		D5D50D2C1F78FA9900BD0913 /* CollectionHeaderView.xib in Resources */ = {isa = PBXBuildFile; fileRef = D5D50D2A1F78FA9900BD0913 /* CollectionHeaderView.xib */; };
		EBD2AE80375B85C8330E36C8 /* Pods_DYZB.framework in Frameworks */ = {isa = PBXBuildFile; fileRef = F2803A786B2ECD9C797972DB /* Pods_DYZB.framework */; };
/* End PBXBuildFile section */

/* Begin PBXFileReference section */
		D52831C91F6B6D2100EFEEE2 /* MainViewController.swift */ = {isa = PBXFileReference; fileEncoding = 4; lastKnownFileType = sourcecode.swift; path = MainViewController.swift; sourceTree = "<group>"; };
		D52831CC1F6B6D3100EFEEE2 /* HomeViewController.swift */ = {isa = PBXFileReference; fileEncoding = 4; lastKnownFileType = sourcecode.swift; path = HomeViewController.swift; sourceTree = "<group>"; };
		D52831CF1F6B6D3A00EFEEE2 /* LiveViewController.swift */ = {isa = PBXFileReference; fileEncoding = 4; lastKnownFileType = sourcecode.swift; path = LiveViewController.swift; sourceTree = "<group>"; };
		D52831D21F6B6D4600EFEEE2 /* FollowViewController.swift */ = {isa = PBXFileReference; fileEncoding = 4; lastKnownFileType = sourcecode.swift; path = FollowViewController.swift; sourceTree = "<group>"; };
		D52831D51F6B6D5000EFEEE2 /* ProfileViewController.swift */ = {isa = PBXFileReference; fileEncoding = 4; lastKnownFileType = sourcecode.swift; path = ProfileViewController.swift; sourceTree = "<group>"; };
		D52831E21F6BB8CB00EFEEE2 /* UIBarButtonItem-Extension.swift */ = {isa = PBXFileReference; fileEncoding = 4; lastKnownFileType = sourcecode.swift; path = "UIBarButtonItem-Extension.swift"; sourceTree = "<group>"; };
		D52831E41F6BC2B800EFEEE2 /* PageTitleView.swift */ = {isa = PBXFileReference; fileEncoding = 4; lastKnownFileType = sourcecode.swift; path = PageTitleView.swift; sourceTree = "<group>"; };
		D52831E61F6BC5C300EFEEE2 /* Common.swift */ = {isa = PBXFileReference; fileEncoding = 4; lastKnownFileType = sourcecode.swift; path = Common.swift; sourceTree = "<group>"; };
		D54C41911F691BA200AC4086 /* Assets.xcassets */ = {isa = PBXFileReference; lastKnownFileType = folder.assetcatalog; path = Assets.xcassets; sourceTree = "<group>"; };
		D54C41941F6921EF00AC4086 /* Base */ = {isa = PBXFileReference; lastKnownFileType = file.storyboard; name = Base; path = DYZB/Base.lproj/Live.storyboard; sourceTree = SOURCE_ROOT; };
		D54C41971F6921FA00AC4086 /* Base */ = {isa = PBXFileReference; lastKnownFileType = file.storyboard; name = Base; path = DYZB/Base.lproj/Profile.storyboard; sourceTree = SOURCE_ROOT; };
		D570A5171F6923EF00E287EB /* AppDelegate.swift */ = {isa = PBXFileReference; fileEncoding = 4; lastKnownFileType = sourcecode.swift; name = AppDelegate.swift; path = DYZB/AppDelegate.swift; sourceTree = SOURCE_ROOT; };
		D570A5201F69247800E287EB /* Base */ = {isa = PBXFileReference; lastKnownFileType = file.storyboard; name = Base; path = DYZB/Base.lproj/Main.storyboard; sourceTree = SOURCE_ROOT; };
		D57C5DAA1F79F75900B6B36D /* CollectionNormalCell.swift */ = {isa = PBXFileReference; lastKnownFileType = sourcecode.swift; path = CollectionNormalCell.swift; sourceTree = "<group>"; };
		D57C5DAB1F79F75900B6B36D /* CollectionNormalCell.xib */ = {isa = PBXFileReference; lastKnownFileType = file.xib; path = CollectionNormalCell.xib; sourceTree = "<group>"; };
		D57C5DAE1F7A043100B6B36D /* CollectionPrettyCell.swift */ = {isa = PBXFileReference; lastKnownFileType = sourcecode.swift; path = CollectionPrettyCell.swift; sourceTree = "<group>"; };
		D57C5DAF1F7A043100B6B36D /* CollectionPrettyCell.xib */ = {isa = PBXFileReference; lastKnownFileType = file.xib; path = CollectionPrettyCell.xib; sourceTree = "<group>"; };
		D58344C71F6FA0320043E62C /* PageContentView.swift */ = {isa = PBXFileReference; fileEncoding = 4; lastKnownFileType = sourcecode.swift; path = PageContentView.swift; sourceTree = "<group>"; };
		D58344C91F6FAA560043E62C /* UIColor-Extension.swift */ = {isa = PBXFileReference; fileEncoding = 4; lastKnownFileType = sourcecode.swift; path = "UIColor-Extension.swift"; sourceTree = "<group>"; };
		D58842F51FA80F71000C4DCB /* NSDate-Extension.swift */ = {isa = PBXFileReference; lastKnownFileType = sourcecode.swift; path = "NSDate-Extension.swift"; sourceTree = "<group>"; };
		D58963901FAAFF3300A70D27 /* bg.jpg */ = {isa = PBXFileReference; lastKnownFileType = image.jpeg; path = bg.jpg; sourceTree = "<group>"; };
		D58B5EB11F66803B0095E550 /* DYZB.app */ = {isa = PBXFileReference; explicitFileType = wrapper.application; includeInIndex = 0; path = DYZB.app; sourceTree = BUILT_PRODUCTS_DIR; };
		D58B5EC01F66803B0095E550 /* Info.plist */ = {isa = PBXFileReference; lastKnownFileType = text.plist.xml; path = Info.plist; sourceTree = "<group>"; };
		D58B6F9E1FA323F500698999 /* MJNetworkTools.swift */ = {isa = PBXFileReference; fileEncoding = 4; lastKnownFileType = sourcecode.swift; path = MJNetworkTools.swift; sourceTree = "<group>"; };
		D58B6FA11FA3333300698999 /* RecommendViewModel.swift */ = {isa = PBXFileReference; lastKnownFileType = sourcecode.swift; path = RecommendViewModel.swift; sourceTree = "<group>"; };
		D58B70AD1FBAEDB8008DC815 /* CollectionBaseCell.swift */ = {isa = PBXFileReference; lastKnownFileType = sourcecode.swift; path = CollectionBaseCell.swift; sourceTree = "<group>"; };
		D59053051FA8586C00650904 /* AnchorGroup.swift */ = {isa = PBXFileReference; lastKnownFileType = sourcecode.swift; path = AnchorGroup.swift; sourceTree = "<group>"; };
		D59053071FA879B000650904 /* AnchorModel.swift */ = {isa = PBXFileReference; lastKnownFileType = sourcecode.swift; path = AnchorModel.swift; sourceTree = "<group>"; };
		D5A23B521F68E2E0005730A7 /* Base */ = {isa = PBXFileReference; lastKnownFileType = file.storyboard; name = Base; path = DYZB/Base.lproj/Home.storyboard; sourceTree = SOURCE_ROOT; };
		D5A23B571F68E31D005730A7 /* Base */ = {isa = PBXFileReference; lastKnownFileType = file.storyboard; name = Base; path = DYZB/Base.lproj/Follow.storyboard; sourceTree = SOURCE_ROOT; };
		D5D50D251F78EAA500BD0913 /* RecommendViewController.swift */ = {isa = PBXFileReference; lastKnownFileType = sourcecode.swift; path = RecommendViewController.swift; sourceTree = "<group>"; };
		D5D50D271F78EB8200BD0913 /* GameViewController.swift */ = {isa = PBXFileReference; lastKnownFileType = sourcecode.swift; path = GameViewController.swift; sourceTree = "<group>"; };
		D5D50D291F78FA9900BD0913 /* CollectionHeaderView.swift */ = {isa = PBXFileReference; lastKnownFileType = sourcecode.swift; path = CollectionHeaderView.swift; sourceTree = "<group>"; };
		D5D50D2A1F78FA9900BD0913 /* CollectionHeaderView.xib */ = {isa = PBXFileReference; lastKnownFileType = file.xib; path = CollectionHeaderView.xib; sourceTree = "<group>"; };
		F2803A786B2ECD9C797972DB /* Pods_DYZB.framework */ = {isa = PBXFileReference; explicitFileType = wrapper.framework; includeInIndex = 0; path = Pods_DYZB.framework; sourceTree = BUILT_PRODUCTS_DIR; };
		F8772839C1B91AEF4589B648 /* Pods-DYZB.release.xcconfig */ = {isa = PBXFileReference; includeInIndex = 1; lastKnownFileType = text.xcconfig; name = "Pods-DYZB.release.xcconfig"; path = "Pods/Target Support Files/Pods-DYZB/Pods-DYZB.release.xcconfig"; sourceTree = "<group>"; };
		F8A71B52F4A6E9975C969891 /* Pods-DYZB.debug.xcconfig */ = {isa = PBXFileReference; includeInIndex = 1; lastKnownFileType = text.xcconfig; name = "Pods-DYZB.debug.xcconfig"; path = "Pods/Target Support Files/Pods-DYZB/Pods-DYZB.debug.xcconfig"; sourceTree = "<group>"; };
/* End PBXFileReference section */

/* Begin PBXFrameworksBuildPhase section */
		D58B5EAE1F66803B0095E550 /* Frameworks */ = {
			isa = PBXFrameworksBuildPhase;
			buildActionMask = 2147483647;
			files = (
				EBD2AE80375B85C8330E36C8 /* Pods_DYZB.framework in Frameworks */,
			);
			runOnlyForDeploymentPostprocessing = 0;
		};
/* End PBXFrameworksBuildPhase section */

/* Begin PBXGroup section */
		ABF02B39A2A1953820C544BA /* Pods */ = {
			isa = PBXGroup;
			children = (
				F8A71B52F4A6E9975C969891 /* Pods-DYZB.debug.xcconfig */,
				F8772839C1B91AEF4589B648 /* Pods-DYZB.release.xcconfig */,
			);
			name = Pods;
			sourceTree = "<group>";
		};
		CDB28CCA6782D4CFCA5A41C5 /* Frameworks */ = {
			isa = PBXGroup;
			children = (
				F2803A786B2ECD9C797972DB /* Pods_DYZB.framework */,
			);
			name = Frameworks;
			sourceTree = "<group>";
		};
		D52831C81F6B6D2100EFEEE2 /* Controller */ = {
			isa = PBXGroup;
			children = (
				D570A51F1F69247800E287EB /* Main.storyboard */,
				D52831C91F6B6D2100EFEEE2 /* MainViewController.swift */,
			);
			path = Controller;
			sourceTree = "<group>";
		};
		D52831CB1F6B6D3100EFEEE2 /* Controller */ = {
			isa = PBXGroup;
			children = (
				D5A23B511F68E2E0005730A7 /* Home.storyboard */,
				D52831CC1F6B6D3100EFEEE2 /* HomeViewController.swift */,
				D5D50D251F78EAA500BD0913 /* RecommendViewController.swift */,
				D5D50D271F78EB8200BD0913 /* GameViewController.swift */,
			);
			path = Controller;
			sourceTree = "<group>";
		};
		D52831CE1F6B6D3A00EFEEE2 /* Controller */ = {
			isa = PBXGroup;
			children = (
				D58963901FAAFF3300A70D27 /* bg.jpg */,
				D54C41931F6921EF00AC4086 /* Live.storyboard */,
				D52831CF1F6B6D3A00EFEEE2 /* LiveViewController.swift */,
			);
			path = Controller;
			sourceTree = "<group>";
		};
		D52831D11F6B6D4600EFEEE2 /* Controller */ = {
			isa = PBXGroup;
			children = (
				D5A23B561F68E31D005730A7 /* Follow.storyboard */,
				D52831D21F6B6D4600EFEEE2 /* FollowViewController.swift */,
			);
			path = Controller;
			sourceTree = "<group>";
		};
		D52831D41F6B6D5000EFEEE2 /* Controller */ = {
			isa = PBXGroup;
			children = (
				D54C41961F6921FA00AC4086 /* Profile.storyboard */,
				D52831D51F6B6D5000EFEEE2 /* ProfileViewController.swift */,
			);
			path = Controller;
			sourceTree = "<group>";
		};
		D52831D71F6B6E0B00EFEEE2 /* Model */ = {
			isa = PBXGroup;
			children = (
				D59053051FA8586C00650904 /* AnchorGroup.swift */,
				D59053071FA879B000650904 /* AnchorModel.swift */,
			);
			path = Model;
			sourceTree = "<group>";
		};
		D52831D81F6B6E0B00EFEEE2 /* View */ = {
			isa = PBXGroup;
			children = (
				D52831E41F6BC2B800EFEEE2 /* PageTitleView.swift */,
				D58344C71F6FA0320043E62C /* PageContentView.swift */,
				D58B70AD1FBAEDB8008DC815 /* CollectionBaseCell.swift */,
				D57C5DAA1F79F75900B6B36D /* CollectionNormalCell.swift */,
				D57C5DAB1F79F75900B6B36D /* CollectionNormalCell.xib */,
				D57C5DAE1F7A043100B6B36D /* CollectionPrettyCell.swift */,
				D57C5DAF1F7A043100B6B36D /* CollectionPrettyCell.xib */,
			);
			path = View;
			sourceTree = "<group>";
		};
		D52831D91F6B6E1400EFEEE2 /* Model */ = {
			isa = PBXGroup;
			children = (
			);
			path = Model;
			sourceTree = "<group>";
		};
		D52831DA1F6B6E1400EFEEE2 /* View */ = {
			isa = PBXGroup;
			children = (
				D5D50D291F78FA9900BD0913 /* CollectionHeaderView.swift */,
				D5D50D2A1F78FA9900BD0913 /* CollectionHeaderView.xib */,
			);
			path = View;
			sourceTree = "<group>";
		};
		D52831DB1F6B6E2000EFEEE2 /* Model */ = {
			isa = PBXGroup;
			children = (
			);
			path = Model;
			sourceTree = "<group>";
		};
		D52831DC1F6B6E2000EFEEE2 /* View */ = {
			isa = PBXGroup;
			children = (
			);
			path = View;
			sourceTree = "<group>";
		};
		D52831DD1F6B6E2A00EFEEE2 /* Model */ = {
			isa = PBXGroup;
			children = (
			);
			path = Model;
			sourceTree = "<group>";
		};
		D52831DE1F6B6E2A00EFEEE2 /* View */ = {
			isa = PBXGroup;
			children = (
			);
			path = View;
			sourceTree = "<group>";
		};
		D52831DF1F6B6E3300EFEEE2 /* Model */ = {
			isa = PBXGroup;
			children = (
			);
			path = Model;
			sourceTree = "<group>";
		};
		D52831E01F6B6E3300EFEEE2 /* View */ = {
			isa = PBXGroup;
			children = (
			);
			path = View;
			sourceTree = "<group>";
		};
		D52831E11F6BB68000EFEEE2 /* Extension */ = {
			isa = PBXGroup;
			children = (
				D52831E21F6BB8CB00EFEEE2 /* UIBarButtonItem-Extension.swift */,
				D58344C91F6FAA560043E62C /* UIColor-Extension.swift */,
				D58842F51FA80F71000C4DCB /* NSDate-Extension.swift */,
			);
			path = Extension;
			sourceTree = "<group>";
		};
		D58B5EA81F66803B0095E550 = {
			isa = PBXGroup;
			children = (
				D58B5EB31F66803B0095E550 /* DYZB */,
				D58B5EB21F66803B0095E550 /* Products */,
				ABF02B39A2A1953820C544BA /* Pods */,
				CDB28CCA6782D4CFCA5A41C5 /* Frameworks */,
			);
			sourceTree = "<group>";
		};
		D58B5EB21F66803B0095E550 /* Products */ = {
			isa = PBXGroup;
			children = (
				D58B5EB11F66803B0095E550 /* DYZB.app */,
			);
			name = Products;
			sourceTree = "<group>";
		};
		D58B5EB31F66803B0095E550 /* DYZB */ = {
			isa = PBXGroup;
			children = (
				D5EFC51B1F678A2C0042FE94 /* Classes */,
				D570A5171F6923EF00E287EB /* AppDelegate.swift */,
				D54C41911F691BA200AC4086 /* Assets.xcassets */,
				D58B5EC01F66803B0095E550 /* Info.plist */,
			);
			path = DYZB;
			sourceTree = "<group>";
		};
		D58B6FA01FA332BF00698999 /* ViewModel */ = {
			isa = PBXGroup;
			children = (
				D58B6FA11FA3333300698999 /* RecommendViewModel.swift */,
			);
			path = ViewModel;
			sourceTree = "<group>";
		};
		D5EFC51B1F678A2C0042FE94 /* Classes */ = {
			isa = PBXGroup;
			children = (
				D5EFC51F1F678A2C0042FE94 /* Main */,
				D5EFC51D1F678A2C0042FE94 /* Home */,
				D5EFC51E1F678A2C0042FE94 /* Live */,
				D5EFC51C1F678A2C0042FE94 /* Follow */,
				D5EFC5201F678A2C0042FE94 /* Profile */,
				D5EFC5211F678A2C0042FE94 /* Tools */,
			);
			path = Classes;
			sourceTree = "<group>";
		};
		D5EFC51C1F678A2C0042FE94 /* Follow */ = {
			isa = PBXGroup;
			children = (
				D52831DD1F6B6E2A00EFEEE2 /* Model */,
				D52831DE1F6B6E2A00EFEEE2 /* View */,
				D52831D11F6B6D4600EFEEE2 /* Controller */,
			);
			path = Follow;
			sourceTree = "<group>";
		};
		D5EFC51D1F678A2C0042FE94 /* Home */ = {
			isa = PBXGroup;
			children = (
				D58B6FA01FA332BF00698999 /* ViewModel */,
				D52831D91F6B6E1400EFEEE2 /* Model */,
				D52831DA1F6B6E1400EFEEE2 /* View */,
				D52831CB1F6B6D3100EFEEE2 /* Controller */,
			);
			path = Home;
			sourceTree = "<group>";
		};
		D5EFC51E1F678A2C0042FE94 /* Live */ = {
			isa = PBXGroup;
			children = (
				D52831DB1F6B6E2000EFEEE2 /* Model */,
				D52831DC1F6B6E2000EFEEE2 /* View */,
				D52831CE1F6B6D3A00EFEEE2 /* Controller */,
			);
			path = Live;
			sourceTree = "<group>";
		};
		D5EFC51F1F678A2C0042FE94 /* Main */ = {
			isa = PBXGroup;
			children = (
				D52831D71F6B6E0B00EFEEE2 /* Model */,
				D52831D81F6B6E0B00EFEEE2 /* View */,
				D52831C81F6B6D2100EFEEE2 /* Controller */,
			);
			path = Main;
			sourceTree = "<group>";
		};
		D5EFC5201F678A2C0042FE94 /* Profile */ = {
			isa = PBXGroup;
			children = (
				D52831DF1F6B6E3300EFEEE2 /* Model */,
				D52831E01F6B6E3300EFEEE2 /* View */,
				D52831D41F6B6D5000EFEEE2 /* Controller */,
			);
			path = Profile;
			sourceTree = "<group>";
		};
		D5EFC5211F678A2C0042FE94 /* Tools */ = {
			isa = PBXGroup;
			children = (
				D52831E11F6BB68000EFEEE2 /* Extension */,
				D52831E61F6BC5C300EFEEE2 /* Common.swift */,
				D58B6F9E1FA323F500698999 /* MJNetworkTools.swift */,
			);
			path = Tools;
			sourceTree = "<group>";
		};
/* End PBXGroup section */

/* Begin PBXNativeTarget section */
		D58B5EB01F66803B0095E550 /* DYZB */ = {
			isa = PBXNativeTarget;
			buildConfigurationList = D58B5EC31F66803B0095E550 /* Build configuration list for PBXNativeTarget "DYZB" */;
			buildPhases = (
				42864185DD042DA6F67188D6 /* [CP] Check Pods Manifest.lock */,
				D58B5EAD1F66803B0095E550 /* Sources */,
				D58B5EAE1F66803B0095E550 /* Frameworks */,
				D58B5EAF1F66803B0095E550 /* Resources */,
				47A4DD6E0AE73C6FA6E12AA7 /* [CP] Embed Pods Frameworks */,
				546A8A9597F8113EA096F27B /* [CP] Copy Pods Resources */,
			);
			buildRules = (
			);
			dependencies = (
			);
			name = DYZB;
			productName = DYZB;
			productReference = D58B5EB11F66803B0095E550 /* DYZB.app */;
			productType = "com.apple.product-type.application";
		};
/* End PBXNativeTarget section */

/* Begin PBXProject section */
		D58B5EA91F66803B0095E550 /* Project object */ = {
			isa = PBXProject;
			attributes = {
				LastSwiftUpdateCheck = 0830;
				LastUpgradeCheck = 0900;
				ORGANIZATIONNAME = com.joy.www;
				TargetAttributes = {
					D58B5EB01F66803B0095E550 = {
						CreatedOnToolsVersion = 8.3.3;
						DevelopmentTeam = YV2XMCDUJ9;
						LastSwiftMigration = 0900;
						ProvisioningStyle = Automatic;
					};
				};
			};
			buildConfigurationList = D58B5EAC1F66803B0095E550 /* Build configuration list for PBXProject "DYZB" */;
			compatibilityVersion = "Xcode 3.2";
			developmentRegion = English;
			hasScannedForEncodings = 0;
			knownRegions = (
				en,
				Base,
			);
			mainGroup = D58B5EA81F66803B0095E550;
			productRefGroup = D58B5EB21F66803B0095E550 /* Products */;
			projectDirPath = "";
			projectRoot = "";
			targets = (
				D58B5EB01F66803B0095E550 /* DYZB */,
			);
		};
/* End PBXProject section */

/* Begin PBXResourcesBuildPhase section */
		D58B5EAF1F66803B0095E550 /* Resources */ = {
			isa = PBXResourcesBuildPhase;
			buildActionMask = 2147483647;
			files = (
				D54C41951F6921EF00AC4086 /* Live.storyboard in Resources */,
				D5A23B531F68E2E0005730A7 /* Home.storyboard in Resources */,
				D54C41921F691BA200AC4086 /* Assets.xcassets in Resources */,
				D5D50D2C1F78FA9900BD0913 /* CollectionHeaderView.xib in Resources */,
				D570A5211F69247800E287EB /* Main.storyboard in Resources */,
				D54C41981F6921FA00AC4086 /* Profile.storyboard in Resources */,
				D57C5DAD1F79F75900B6B36D /* CollectionNormalCell.xib in Resources */,
				D57C5DB11F7A043100B6B36D /* CollectionPrettyCell.xib in Resources */,
				D5A23B581F68E31D005730A7 /* Follow.storyboard in Resources */,
				D58963911FAAFF3300A70D27 /* bg.jpg in Resources */,
			);
			runOnlyForDeploymentPostprocessing = 0;
		};
/* End PBXResourcesBuildPhase section */

/* Begin PBXShellScriptBuildPhase section */
		42864185DD042DA6F67188D6 /* [CP] Check Pods Manifest.lock */ = {
			isa = PBXShellScriptBuildPhase;
			buildActionMask = 2147483647;
			files = (
			);
			inputPaths = (
				"${PODS_PODFILE_DIR_PATH}/Podfile.lock",
				"${PODS_ROOT}/Manifest.lock",
			);
			name = "[CP] Check Pods Manifest.lock";
			outputPaths = (
				"$(DERIVED_FILE_DIR)/Pods-DYZB-checkManifestLockResult.txt",
			);
			runOnlyForDeploymentPostprocessing = 0;
			shellPath = /bin/sh;
			shellScript = "diff \"${PODS_PODFILE_DIR_PATH}/Podfile.lock\" \"${PODS_ROOT}/Manifest.lock\" > /dev/null\nif [ $? != 0 ] ; then\n    # print error to STDERR\n    echo \"error: The sandbox is not in sync with the Podfile.lock. Run 'pod install' or update your CocoaPods installation.\" >&2\n    exit 1\nfi\n# This output is used by Xcode 'outputs' to avoid re-running this script phase.\necho \"SUCCESS\" > \"${SCRIPT_OUTPUT_FILE_0}\"\n";
			showEnvVarsInLog = 0;
		};
		47A4DD6E0AE73C6FA6E12AA7 /* [CP] Embed Pods Frameworks */ = {
			isa = PBXShellScriptBuildPhase;
			buildActionMask = 2147483647;
			files = (
			);
			inputPaths = (
				"${SRCROOT}/Pods/Target Support Files/Pods-DYZB/Pods-DYZB-frameworks.sh",
				"${BUILT_PRODUCTS_DIR}/Alamofire/Alamofire.framework",
				"${BUILT_PRODUCTS_DIR}/Kingfisher/Kingfisher.framework",
				"${PODS_ROOT}/MJUtility/src/MJUtility.framework",
			);
			name = "[CP] Embed Pods Frameworks";
			outputPaths = (
				"${TARGET_BUILD_DIR}/${FRAMEWORKS_FOLDER_PATH}/Alamofire.framework",
				"${TARGET_BUILD_DIR}/${FRAMEWORKS_FOLDER_PATH}/Kingfisher.framework",
				"${TARGET_BUILD_DIR}/${FRAMEWORKS_FOLDER_PATH}/MJUtility.framework",
			);
			runOnlyForDeploymentPostprocessing = 0;
			shellPath = /bin/sh;
			shellScript = "\"${SRCROOT}/Pods/Target Support Files/Pods-DYZB/Pods-DYZB-frameworks.sh\"\n";
			showEnvVarsInLog = 0;
		};
		546A8A9597F8113EA096F27B /* [CP] Copy Pods Resources */ = {
			isa = PBXShellScriptBuildPhase;
			buildActionMask = 2147483647;
			files = (
			);
			inputPaths = (
			);
			name = "[CP] Copy Pods Resources";
			outputPaths = (
			);
			runOnlyForDeploymentPostprocessing = 0;
			shellPath = /bin/sh;
			shellScript = "\"${SRCROOT}/Pods/Target Support Files/Pods-DYZB/Pods-DYZB-resources.sh\"\n";
			showEnvVarsInLog = 0;
		};
/* End PBXShellScriptBuildPhase section */

/* Begin PBXSourcesBuildPhase section */
		D58B5EAD1F66803B0095E550 /* Sources */ = {
			isa = PBXSourcesBuildPhase;
			buildActionMask = 2147483647;
			files = (
				D52831E51F6BC2B800EFEEE2 /* PageTitleView.swift in Sources */,
				D59053081FA879B000650904 /* AnchorModel.swift in Sources */,
				D58B70AE1FBAEDB8008DC815 /* CollectionBaseCell.swift in Sources */,
				D52831CA1F6B6D2100EFEEE2 /* MainViewController.swift in Sources */,
				D52831D01F6B6D3A00EFEEE2 /* LiveViewController.swift in Sources */,
				D58842F61FA80F71000C4DCB /* NSDate-Extension.swift in Sources */,
				D58344C81F6FA0320043E62C /* PageContentView.swift in Sources */,
				D57C5DAC1F79F75900B6B36D /* CollectionNormalCell.swift in Sources */,
				D5D50D281F78EB8200BD0913 /* GameViewController.swift in Sources */,
				D570A5181F6923EF00E287EB /* AppDelegate.swift in Sources */,
				D58B6FA21FA3333300698999 /* RecommendViewModel.swift in Sources */,
				D5D50D261F78EAA500BD0913 /* RecommendViewController.swift in Sources */,
				D52831E71F6BC5C300EFEEE2 /* Common.swift in Sources */,
				D57C5DB01F7A043100B6B36D /* CollectionPrettyCell.swift in Sources */,
				D59053061FA8586C00650904 /* AnchorGroup.swift in Sources */,
				D52831D61F6B6D5000EFEEE2 /* ProfileViewController.swift in Sources */,
				D52831CD1F6B6D3100EFEEE2 /* HomeViewController.swift in Sources */,
				D52831D31F6B6D4600EFEEE2 /* FollowViewController.swift in Sources */,
				D58B6F9F1FA323F500698999 /* MJNetworkTools.swift in Sources */,
				D5D50D2B1F78FA9900BD0913 /* CollectionHeaderView.swift in Sources */,
				D52831E31F6BB8CB00EFEEE2 /* UIBarButtonItem-Extension.swift in Sources */,
				D58344CA1F6FAA560043E62C /* UIColor-Extension.swift in Sources */,
			);
			runOnlyForDeploymentPostprocessing = 0;
		};
/* End PBXSourcesBuildPhase section */

/* Begin PBXVariantGroup section */
		D54C41931F6921EF00AC4086 /* Live.storyboard */ = {
			isa = PBXVariantGroup;
			children = (
				D54C41941F6921EF00AC4086 /* Base */,
			);
			name = Live.storyboard;
			path = ..;
			sourceTree = "<group>";
		};
		D54C41961F6921FA00AC4086 /* Profile.storyboard */ = {
			isa = PBXVariantGroup;
			children = (
				D54C41971F6921FA00AC4086 /* Base */,
			);
			name = Profile.storyboard;
			path = ..;
			sourceTree = "<group>";
		};
		D570A51F1F69247800E287EB /* Main.storyboard */ = {
			isa = PBXVariantGroup;
			children = (
				D570A5201F69247800E287EB /* Base */,
			);
			name = Main.storyboard;
			path = ..;
			sourceTree = "<group>";
		};
		D5A23B511F68E2E0005730A7 /* Home.storyboard */ = {
			isa = PBXVariantGroup;
			children = (
				D5A23B521F68E2E0005730A7 /* Base */,
			);
			name = Home.storyboard;
			path = ../../Main;
			sourceTree = "<group>";
		};
		D5A23B561F68E31D005730A7 /* Follow.storyboard */ = {
			isa = PBXVariantGroup;
			children = (
				D5A23B571F68E31D005730A7 /* Base */,
			);
			name = Follow.storyboard;
			path = ../../Main;
			sourceTree = "<group>";
		};
/* End PBXVariantGroup section */

/* Begin XCBuildConfiguration section */
		D58B5EC11F66803B0095E550 /* Debug */ = {
			isa = XCBuildConfiguration;
			buildSettings = {
				ALWAYS_SEARCH_USER_PATHS = NO;
				CLANG_ANALYZER_NONNULL = YES;
				CLANG_ANALYZER_NUMBER_OBJECT_CONVERSION = YES_AGGRESSIVE;
				CLANG_CXX_LANGUAGE_STANDARD = "gnu++0x";
				CLANG_CXX_LIBRARY = "libc++";
				CLANG_ENABLE_MODULES = YES;
				CLANG_ENABLE_OBJC_ARC = YES;
				CLANG_WARN_BLOCK_CAPTURE_AUTORELEASING = YES;
				CLANG_WARN_BOOL_CONVERSION = YES;
				CLANG_WARN_COMMA = YES;
				CLANG_WARN_CONSTANT_CONVERSION = YES;
				CLANG_WARN_DIRECT_OBJC_ISA_USAGE = YES_ERROR;
				CLANG_WARN_DOCUMENTATION_COMMENTS = YES;
				CLANG_WARN_EMPTY_BODY = YES;
				CLANG_WARN_ENUM_CONVERSION = YES;
				CLANG_WARN_INFINITE_RECURSION = YES;
				CLANG_WARN_INT_CONVERSION = YES;
				CLANG_WARN_NON_LITERAL_NULL_CONVERSION = YES;
				CLANG_WARN_OBJC_LITERAL_CONVERSION = YES;
				CLANG_WARN_OBJC_ROOT_CLASS = YES_ERROR;
				CLANG_WARN_RANGE_LOOP_ANALYSIS = YES;
				CLANG_WARN_STRICT_PROTOTYPES = YES;
				CLANG_WARN_SUSPICIOUS_MOVE = YES;
				CLANG_WARN_UNREACHABLE_CODE = YES;
				CLANG_WARN__DUPLICATE_METHOD_MATCH = YES;
				"CODE_SIGN_IDENTITY[sdk=iphoneos*]" = "iPhone Developer";
				COPY_PHASE_STRIP = NO;
				DEBUG_INFORMATION_FORMAT = dwarf;
				ENABLE_STRICT_OBJC_MSGSEND = YES;
				ENABLE_TESTABILITY = YES;
				GCC_C_LANGUAGE_STANDARD = gnu99;
				GCC_DYNAMIC_NO_PIC = NO;
				GCC_NO_COMMON_BLOCKS = YES;
				GCC_OPTIMIZATION_LEVEL = 0;
				GCC_PREPROCESSOR_DEFINITIONS = (
					"DEBUG=1",
					"$(inherited)",
				);
				GCC_WARN_64_TO_32_BIT_CONVERSION = YES;
				GCC_WARN_ABOUT_RETURN_TYPE = YES_ERROR;
				GCC_WARN_UNDECLARED_SELECTOR = YES;
				GCC_WARN_UNINITIALIZED_AUTOS = YES_AGGRESSIVE;
				GCC_WARN_UNUSED_FUNCTION = YES;
				GCC_WARN_UNUSED_VARIABLE = YES;
				IPHONEOS_DEPLOYMENT_TARGET = 8.0;
				MTL_ENABLE_DEBUG_INFO = YES;
				ONLY_ACTIVE_ARCH = YES;
				SDKROOT = iphoneos;
				SWIFT_ACTIVE_COMPILATION_CONDITIONS = DEBUG;
				SWIFT_OPTIMIZATION_LEVEL = "-Onone";
			};
			name = Debug;
		};
		D58B5EC21F66803B0095E550 /* Release */ = {
			isa = XCBuildConfiguration;
			buildSettings = {
				ALWAYS_SEARCH_USER_PATHS = NO;
				CLANG_ANALYZER_NONNULL = YES;
				CLANG_ANALYZER_NUMBER_OBJECT_CONVERSION = YES_AGGRESSIVE;
				CLANG_CXX_LANGUAGE_STANDARD = "gnu++0x";
				CLANG_CXX_LIBRARY = "libc++";
				CLANG_ENABLE_MODULES = YES;
				CLANG_ENABLE_OBJC_ARC = YES;
				CLANG_WARN_BLOCK_CAPTURE_AUTORELEASING = YES;
				CLANG_WARN_BOOL_CONVERSION = YES;
				CLANG_WARN_COMMA = YES;
				CLANG_WARN_CONSTANT_CONVERSION = YES;
				CLANG_WARN_DIRECT_OBJC_ISA_USAGE = YES_ERROR;
				CLANG_WARN_DOCUMENTATION_COMMENTS = YES;
				CLANG_WARN_EMPTY_BODY = YES;
				CLANG_WARN_ENUM_CONVERSION = YES;
				CLANG_WARN_INFINITE_RECURSION = YES;
				CLANG_WARN_INT_CONVERSION = YES;
				CLANG_WARN_NON_LITERAL_NULL_CONVERSION = YES;
				CLANG_WARN_OBJC_LITERAL_CONVERSION = YES;
				CLANG_WARN_OBJC_ROOT_CLASS = YES_ERROR;
				CLANG_WARN_RANGE_LOOP_ANALYSIS = YES;
				CLANG_WARN_STRICT_PROTOTYPES = YES;
				CLANG_WARN_SUSPICIOUS_MOVE = YES;
				CLANG_WARN_UNREACHABLE_CODE = YES;
				CLANG_WARN__DUPLICATE_METHOD_MATCH = YES;
				"CODE_SIGN_IDENTITY[sdk=iphoneos*]" = "iPhone Developer";
				COPY_PHASE_STRIP = NO;
				DEBUG_INFORMATION_FORMAT = "dwarf-with-dsym";
				ENABLE_NS_ASSERTIONS = NO;
				ENABLE_STRICT_OBJC_MSGSEND = YES;
				GCC_C_LANGUAGE_STANDARD = gnu99;
				GCC_NO_COMMON_BLOCKS = YES;
				GCC_WARN_64_TO_32_BIT_CONVERSION = YES;
				GCC_WARN_ABOUT_RETURN_TYPE = YES_ERROR;
				GCC_WARN_UNDECLARED_SELECTOR = YES;
				GCC_WARN_UNINITIALIZED_AUTOS = YES_AGGRESSIVE;
				GCC_WARN_UNUSED_FUNCTION = YES;
				GCC_WARN_UNUSED_VARIABLE = YES;
				IPHONEOS_DEPLOYMENT_TARGET = 8.0;
				MTL_ENABLE_DEBUG_INFO = NO;
				SDKROOT = iphoneos;
				SWIFT_OPTIMIZATION_LEVEL = "-Owholemodule";
				VALIDATE_PRODUCT = YES;
			};
			name = Release;
		};
		D58B5EC41F66803B0095E550 /* Debug */ = {
			isa = XCBuildConfiguration;
			baseConfigurationReference = F8A71B52F4A6E9975C969891 /* Pods-DYZB.debug.xcconfig */;
			buildSettings = {
				ASSETCATALOG_COMPILER_APPICON_NAME = AppIcon;
				ASSETCATALOG_COMPILER_LAUNCHIMAGE_NAME = LaunchImage;
				CLANG_ENABLE_MODULES = YES;
				"CODE_SIGN_IDENTITY[sdk=iphoneos*]" = "iPhone Developer";
				CODE_SIGN_STYLE = Automatic;
				DEVELOPMENT_TEAM = YV2XMCDUJ9;
				INFOPLIST_FILE = DYZB/Info.plist;
				IPHONEOS_DEPLOYMENT_TARGET = 8.0;
				LD_RUNPATH_SEARCH_PATHS = "$(inherited) @executable_path/Frameworks";
				PRODUCT_BUNDLE_IDENTIFIER = com.joy.www.DYZB;
				PRODUCT_NAME = "$(TARGET_NAME)";
				PROVISIONING_PROFILE_SPECIFIER = "";
				SWIFT_OPTIMIZATION_LEVEL = "-Onone";
				SWIFT_SWIFT3_OBJC_INFERENCE = On;
				SWIFT_VERSION = 4.0;
			};
			name = Debug;
		};
		D58B5EC51F66803B0095E550 /* Release */ = {
			isa = XCBuildConfiguration;
			baseConfigurationReference = F8772839C1B91AEF4589B648 /* Pods-DYZB.release.xcconfig */;
			buildSettings = {
				ASSETCATALOG_COMPILER_APPICON_NAME = AppIcon;
				ASSETCATALOG_COMPILER_LAUNCHIMAGE_NAME = LaunchImage;
				CLANG_ENABLE_MODULES = YES;
				"CODE_SIGN_IDENTITY[sdk=iphoneos*]" = "iPhone Developer";
				CODE_SIGN_STYLE = Automatic;
				DEVELOPMENT_TEAM = YV2XMCDUJ9;
				INFOPLIST_FILE = DYZB/Info.plist;
				IPHONEOS_DEPLOYMENT_TARGET = 8.0;
				LD_RUNPATH_SEARCH_PATHS = "$(inherited) @executable_path/Frameworks";
				PRODUCT_BUNDLE_IDENTIFIER = com.joy.www.DYZB;
				PRODUCT_NAME = "$(TARGET_NAME)";
				PROVISIONING_PROFILE_SPECIFIER = "";
				SWIFT_SWIFT3_OBJC_INFERENCE = On;
				SWIFT_VERSION = 4.0;
			};
			name = Release;
		};
/* End XCBuildConfiguration section */

/* Begin XCConfigurationList section */
		D58B5EAC1F66803B0095E550 /* Build configuration list for PBXProject "DYZB" */ = {
			isa = XCConfigurationList;
			buildConfigurations = (
				D58B5EC11F66803B0095E550 /* Debug */,
				D58B5EC21F66803B0095E550 /* Release */,
			);
			defaultConfigurationIsVisible = 0;
			defaultConfigurationName = Release;
		};
		D58B5EC31F66803B0095E550 /* Build configuration list for PBXNativeTarget "DYZB" */ = {
			isa = XCConfigurationList;
			buildConfigurations = (
				D58B5EC41F66803B0095E550 /* Debug */,
				D58B5EC51F66803B0095E550 /* Release */,
			);
			defaultConfigurationIsVisible = 0;
			defaultConfigurationName = Release;
		};
/* End XCConfigurationList section */
	};
	rootObject = D58B5EA91F66803B0095E550 /* Project object */;
}
